
Microsoft Visual Studio Solution File, Format Version 12.00
# Visual Studio 15
VisualStudioVersion = 15.0.26730.16
MinimumVisualStudioVersion = 10.0.40219.1
Project("{FAE04EC0-301F-11D3-BF4B-00C04F79EFBC}") = "I Love Coffee", "I Love Coffee.csproj", "{1DDB560E-ED66-4DAF-B9B4-F1CBB353958D}"
EndProject
Global
	GlobalSection(SolutionConfigurationPlatforms) = preSolution
		Debug|Any CPU = Debug|Any CPU
		Release|Any CPU = Release|Any CPU
	EndGlobalSection
	GlobalSection(ProjectConfigurationPlatforms) = postSolution
		{1DDB560E-ED66-4DAF-B9B4-F1CBB353958D}.Debug|Any CPU.ActiveCfg = Debug|Any CPU
		{1DDB560E-ED66-4DAF-B9B4-F1CBB353958D}.Debug|Any CPU.Build.0 = Debug|Any CPU
		{1DDB560E-ED66-4DAF-B9B4-F1CBB353958D}.Release|Any CPU.ActiveCfg = Release|Any CPU
		{1DDB560E-ED66-4DAF-B9B4-F1CBB353958D}.Release|Any CPU.Build.0 = Release|Any CPU
	EndGlobalSection
	GlobalSection(SolutionProperties) = preSolution
		HideSolutionNode = FALSE
	EndGlobalSection
	GlobalSection(ExtensibilityGlobals) = postSolution
		SolutionGuid = {3485E7B0-6127-4836-84F4-54F956C8282D}
	EndGlobalSection
EndGlobal
